
Microsoft Visual Studio Solution File, Format Version 12.00
# Visual Studio Version 17
VisualStudioVersion = 17.14.36221.1 d17.14
MinimumVisualStudioVersion = 10.0.40219.1
Project("{FAE04EC0-301F-11D3-BF4B-00C04F79EFBC}") = "AppRpgEtec", "AppRpgEtec.csproj", "{E1CAAD80-0950-4CFE-8A86-3FBAB65A6A59}"
EndProject
Global
	GlobalSection(SolutionConfigurationPlatforms) = preSolution
		Debug|Any CPU = Debug|Any CPU
		Release|Any CPU = Release|Any CPU
	EndGlobalSection
	GlobalSection(ProjectConfigurationPlatforms) = postSolution
		{E1CAAD80-0950-4CFE-8A86-3FBAB65A6A59}.Debug|Any CPU.ActiveCfg = Debug|Any CPU
		{E1CAAD80-0950-4CFE-8A86-3FBAB65A6A59}.Debug|Any CPU.Build.0 = Debug|Any CPU
		{E1CAAD80-0950-4CFE-8A86-3FBAB65A6A59}.Release|Any CPU.ActiveCfg = Release|Any CPU
		{E1CAAD80-0950-4CFE-8A86-3FBAB65A6A59}.Release|Any CPU.Build.0 = Release|Any CPU
	EndGlobalSection
	GlobalSection(SolutionProperties) = preSolution
		HideSolutionNode = FALSE
	EndGlobalSection
	GlobalSection(ExtensibilityGlobals) = postSolution
		SolutionGuid = {6FC1C39C-750B-4D0C-AB6D-211F47D44285}
	EndGlobalSection
EndGlobal
